
Microsoft Visual Studio Solution File, Format Version 12.00
# Visual Studio Version 16
VisualStudioVersion = 16.0.30330.147
MinimumVisualStudioVersion = 10.0.40219.1
Project("{FAE04EC0-301F-11D3-BF4B-00C04F79EFBC}") = "AutoNomerGenerator", "AutoNomerGenerator\AutoNomerGenerator.csproj", "{039040D6-23D2-4B3D-9DCB-8A95384786F6}"
EndProject
Global
	GlobalSection(SolutionConfigurationPlatforms) = preSolution
		Debug|Any CPU = Debug|Any CPU
		Release|Any CPU = Release|Any CPU
	EndGlobalSection
	GlobalSection(ProjectConfigurationPlatforms) = postSolution
		{039040D6-23D2-4B3D-9DCB-8A95384786F6}.Debug|Any CPU.ActiveCfg = Debug|Any CPU
		{039040D6-23D2-4B3D-9DCB-8A95384786F6}.Debug|Any CPU.Build.0 = Debug|Any CPU
		{039040D6-23D2-4B3D-9DCB-8A95384786F6}.Release|Any CPU.ActiveCfg = Release|Any CPU
		{039040D6-23D2-4B3D-9DCB-8A95384786F6}.Release|Any CPU.Build.0 = Release|Any CPU
	EndGlobalSection
	GlobalSection(SolutionProperties) = preSolution
		HideSolutionNode = FALSE
	EndGlobalSection
	GlobalSection(ExtensibilityGlobals) = postSolution
		SolutionGuid = {E29E545B-9392-40E5-9973-D0A12CEAE52C}
	EndGlobalSection
EndGlobal
